{
  "requires": true,
  "lockfileVersion": 1,
  "dependencies": {
    "@ionic-native/network": {
      "version": "4.3.2",
      "resolved": "https://registry.npmjs.org/@ionic-native/network/-/network-4.3.2.tgz",
      "integrity": "sha512-X8RXbOIwz3TGBsEmRjMRdo+y4VjBCkm69tHhWFPExtHWyl8fOGqXcNB2UX+R3dnEi1B95svr7TEi34dmQzEqYA=="
    },
    "geolocation-marker": {
      "version": "2.0.5",
      "resolved": "https://registry.npmjs.org/geolocation-marker/-/geolocation-marker-2.0.5.tgz",
      "integrity": "sha512-BF+DhAJmcd2ZyAI5TvTgZzToxUFovdtt+Lr7FPCv+uQnv0kAdwkAi2Jr/xW62+YrV5mL1ZR0tEpJfEJ9Piqkiw=="
    }
  }
}
